{
  "name": "radar-voluntario",
  "lockfileVersion": 2,
  "requires": true,
  "packages": {
    "": {
      "dependencies": {
        "mui-tel-input": "^4.0.1",
        "react-hook-form": "^7.47.0",
        "react-text-mask": "^5.5.0"
      },
      "devDependencies": {
        "@types/react-text-mask": "^5.4.13"
      }
    },
    "node_modules/@types/node": {
      "version": "20.8.7",
      "resolved": "https://registry.npmjs.org/@types/node/-/node-20.8.7.tgz",
      "integrity": "sha512-21TKHHh3eUHIi2MloeptJWALuCu5H7HQTdTrWIFReA8ad+aggoX+lRes3ex7/FtpC+sVUpFMQ+QTfYr74mruiQ==",
      "dependencies": {
        "undici-types": "~5.25.1"
      }
    },
    "node_modules/@types/prop-types": {
      "version": "15.7.9",
      "resolved": "https://registry.npmjs.org/@types/prop-types/-/prop-types-15.7.9.tgz",
      "integrity": "sha512-n1yyPsugYNSmHgxDFjicaI2+gCNjsBck8UX9kuofAKlc0h1bL+20oSF72KeNaW2DUlesbEVCFgyV2dPGTiY42g==",
      "dev": true
    },
    "node_modules/@types/react": {
      "version": "18.2.30",
      "resolved": "https://registry.npmjs.org/@types/react/-/react-18.2.30.tgz",
      "integrity": "sha512-OfqdJnDsSo4UNw0bqAjFCuBpLYQM7wvZidz0hVxHRjrEkzRlvZL1pJVyOSY55HMiKvRNEo9DUBRuEl7FNlJ/Vg==",
      "dev": true,
      "dependencies": {
        "@types/prop-types": "*",
        "@types/scheduler": "*",
        "csstype": "^3.0.2"
      }
    },
    "node_modules/@types/react-text-mask": {
      "version": "5.4.13",
      "resolved": "https://registry.npmjs.org/@types/react-text-mask/-/react-text-mask-5.4.13.tgz",
      "integrity": "sha512-e6JFMpvdu8V9Z06jg/KLcVp1EQE8wbFPQ18uZ3e99gsfXz/CfrSYmNZ1HXjdRKthAr/oEuJ5EbyVZLlEwnXRSA==",
      "dev": true,
      "dependencies": {
        "@types/react": "*"
      }
    },
    "node_modules/@types/scheduler": {
      "version": "0.16.5",
      "resolved": "https://registry.npmjs.org/@types/scheduler/-/scheduler-0.16.5.tgz",
      "integrity": "sha512-s/FPdYRmZR8SjLWGMCuax7r3qCWQw9QKHzXVukAuuIJkXkDRwp+Pu5LMIVFi0Fxbav35WURicYr8u1QsoybnQw==",
      "dev": true
    },
    "node_modules/csstype": {
      "version": "3.1.2",
      "resolved": "https://registry.npmjs.org/csstype/-/csstype-3.1.2.tgz",
      "integrity": "sha512-I7K1Uu0MBPzaFKg4nI5Q7Vs2t+3gWWW648spaF+Rg7pI9ds18Ugn+lvg4SHczUdKlHI5LWBXyqfS8+DufyBsgQ==",
      "dev": true
    },
    "node_modules/js-tokens": {
      "version": "4.0.0",
      "resolved": "https://registry.npmjs.org/js-tokens/-/js-tokens-4.0.0.tgz",
      "integrity": "sha512-RdJUflcE3cUzKiMqQgsCu06FPu9UdIJO0beYbPhHN4k6apgJtifcoCtT9bcxOpYBtpD2kCM6Sbzg4CausW/PKQ=="
    },
    "node_modules/libphonenumber-js": {
      "version": "1.10.48",
      "resolved": "https://registry.npmjs.org/libphonenumber-js/-/libphonenumber-js-1.10.48.tgz",
      "integrity": "sha512-Vvcgt4+o8+puIBJZLdMshPYx9nRN3/kTT7HPtOyfYrSQuN9PGBF1KUv0g07fjNzt4E4GuA7FnsLb+WeAMzyRQg=="
    },
    "node_modules/loose-envify": {
      "version": "1.4.0",
      "resolved": "https://registry.npmjs.org/loose-envify/-/loose-envify-1.4.0.tgz",
      "integrity": "sha512-lyuxPGr/Wfhrlem2CL/UcnUc1zcqKAImBDzukY7Y5F/yQiNdko6+fRLevlw1HgMySw7f611UIY408EtxRSoK3Q==",
      "dependencies": {
        "js-tokens": "^3.0.0 || ^4.0.0"
      },
      "bin": {
        "loose-envify": "cli.js"
      }
    },
    "node_modules/mui-tel-input": {
      "version": "4.0.1",
      "resolved": "https://registry.npmjs.org/mui-tel-input/-/mui-tel-input-4.0.1.tgz",
      "integrity": "sha512-r+2ypG9TKUTgfiI0oa8ihOKK+IYsem9hfyBZ/kTDEXyW4W2kliLDt9/3fLyxOwCHNPazjsfEiYf2/9iXiGJJQw==",
      "dependencies": {
        "@types/node": "^20.8.4",
        "libphonenumber-js": "^1.10.47"
      },
      "peerDependencies": {
        "@emotion/react": "^11.5.0",
        "@emotion/styled": "^11.3.0",
        "@mui/material": "^5.0.0",
        "@types/react": "^18.0.0",
        "react": "^18.0.0",
        "react-dom": "^18.0.0"
      },
      "peerDependenciesMeta": {
        "@types/react": {
          "optional": true
        }
      }
    },
    "node_modules/object-assign": {
      "version": "4.1.1",
      "resolved": "https://registry.npmjs.org/object-assign/-/object-assign-4.1.1.tgz",
      "integrity": "sha512-rJgTQnkUnH1sFw8yT6VSU3zD3sWmu6sZhIseY8VX+GRu3P6F7Fu+JNDoXfklElbLJSnc3FUQHVe4cU5hj+BcUg==",
      "engines": {
        "node": ">=0.10.0"
      }
    },
    "node_modules/prop-types": {
      "version": "15.8.1",
      "resolved": "https://registry.npmjs.org/prop-types/-/prop-types-15.8.1.tgz",
      "integrity": "sha512-oj87CgZICdulUohogVAR7AjlC0327U4el4L6eAvOqCeudMDVU0NThNaV+b9Df4dXgSP1gXMTnPdhfe/2qDH5cg==",
      "dependencies": {
        "loose-envify": "^1.4.0",
        "object-assign": "^4.1.1",
        "react-is": "^16.13.1"
      }
    },
    "node_modules/react-hook-form": {
      "version": "7.47.0",
      "resolved": "https://registry.npmjs.org/react-hook-form/-/react-hook-form-7.47.0.tgz",
      "integrity": "sha512-F/TroLjTICipmHeFlMrLtNLceO2xr1jU3CyiNla5zdwsGUGu2UOxxR4UyJgLlhMwLW/Wzp4cpJ7CPfgJIeKdSg==",
      "engines": {
        "node": ">=12.22.0"
      },
      "funding": {
        "type": "opencollective",
        "url": "https://opencollective.com/react-hook-form"
      },
      "peerDependencies": {
        "react": "^16.8.0 || ^17 || ^18"
      }
    },
    "node_modules/react-is": {
      "version": "16.13.1",
      "resolved": "https://registry.npmjs.org/react-is/-/react-is-16.13.1.tgz",
      "integrity": "sha512-24e6ynE2H+OKt4kqsOvNd8kBpV65zoxbA4BVsEOB3ARVWQki/DHzaUoC5KuON/BiccDaCCTZBuOcfZs70kR8bQ=="
    },
    "node_modules/react-text-mask": {
      "version": "5.5.0",
      "resolved": "https://registry.npmjs.org/react-text-mask/-/react-text-mask-5.5.0.tgz",
      "integrity": "sha512-SLJlJQxa0uonMXsnXRpv5abIepGmHz77ylQcra0GNd7Jtk4Wj2Mtp85uGQHv1avba2uI8ZvRpIEQPpJKsqRGYw==",
      "dependencies": {
        "prop-types": "^15.5.6"
      },
      "peerDependencies": {
        "react": "^0.14.0 || ^15.0.0 || ^16.0.0 || ^17.0.0 || ^18.0.0"
      }
    },
    "node_modules/undici-types": {
      "version": "5.25.3",
      "resolved": "https://registry.npmjs.org/undici-types/-/undici-types-5.25.3.tgz",
      "integrity": "sha512-Ga1jfYwRn7+cP9v8auvEXN1rX3sWqlayd4HP7OKk4mZWylEmu3KzXDUGrQUN6Ol7qo1gPvB2e5gX6udnyEPgdA=="
    }
  },
  "dependencies": {
    "@types/node": {
      "version": "20.8.7",
      "resolved": "https://registry.npmjs.org/@types/node/-/node-20.8.7.tgz",
      "integrity": "sha512-21TKHHh3eUHIi2MloeptJWALuCu5H7HQTdTrWIFReA8ad+aggoX+lRes3ex7/FtpC+sVUpFMQ+QTfYr74mruiQ==",
      "requires": {
        "undici-types": "~5.25.1"
      }
    },
    "@types/prop-types": {
      "version": "15.7.9",
      "resolved": "https://registry.npmjs.org/@types/prop-types/-/prop-types-15.7.9.tgz",
      "integrity": "sha512-n1yyPsugYNSmHgxDFjicaI2+gCNjsBck8UX9kuofAKlc0h1bL+20oSF72KeNaW2DUlesbEVCFgyV2dPGTiY42g==",
      "dev": true
    },
    "@types/react": {
      "version": "18.2.30",
      "resolved": "https://registry.npmjs.org/@types/react/-/react-18.2.30.tgz",
      "integrity": "sha512-OfqdJnDsSo4UNw0bqAjFCuBpLYQM7wvZidz0hVxHRjrEkzRlvZL1pJVyOSY55HMiKvRNEo9DUBRuEl7FNlJ/Vg==",
      "dev": true,
      "requires": {
        "@types/prop-types": "*",
        "@types/scheduler": "*",
        "csstype": "^3.0.2"
      }
    },
    "@types/react-text-mask": {
      "version": "5.4.13",
      "resolved": "https://registry.npmjs.org/@types/react-text-mask/-/react-text-mask-5.4.13.tgz",
      "integrity": "sha512-e6JFMpvdu8V9Z06jg/KLcVp1EQE8wbFPQ18uZ3e99gsfXz/CfrSYmNZ1HXjdRKthAr/oEuJ5EbyVZLlEwnXRSA==",
      "dev": true,
      "requires": {
        "@types/react": "*"
      }
    },
    "@types/scheduler": {
      "version": "0.16.5",
      "resolved": "https://registry.npmjs.org/@types/scheduler/-/scheduler-0.16.5.tgz",
      "integrity": "sha512-s/FPdYRmZR8SjLWGMCuax7r3qCWQw9QKHzXVukAuuIJkXkDRwp+Pu5LMIVFi0Fxbav35WURicYr8u1QsoybnQw==",
      "dev": true
    },
    "csstype": {
      "version": "3.1.2",
      "resolved": "https://registry.npmjs.org/csstype/-/csstype-3.1.2.tgz",
      "integrity": "sha512-I7K1Uu0MBPzaFKg4nI5Q7Vs2t+3gWWW648spaF+Rg7pI9ds18Ugn+lvg4SHczUdKlHI5LWBXyqfS8+DufyBsgQ==",
      "dev": true
    },
    "js-tokens": {
      "version": "4.0.0",
      "resolved": "https://registry.npmjs.org/js-tokens/-/js-tokens-4.0.0.tgz",
      "integrity": "sha512-RdJUflcE3cUzKiMqQgsCu06FPu9UdIJO0beYbPhHN4k6apgJtifcoCtT9bcxOpYBtpD2kCM6Sbzg4CausW/PKQ=="
    },
    "libphonenumber-js": {
      "version": "1.10.48",
      "resolved": "https://registry.npmjs.org/libphonenumber-js/-/libphonenumber-js-1.10.48.tgz",
      "integrity": "sha512-Vvcgt4+o8+puIBJZLdMshPYx9nRN3/kTT7HPtOyfYrSQuN9PGBF1KUv0g07fjNzt4E4GuA7FnsLb+WeAMzyRQg=="
    },
    "loose-envify": {
      "version": "1.4.0",
      "resolved": "https://registry.npmjs.org/loose-envify/-/loose-envify-1.4.0.tgz",
      "integrity": "sha512-lyuxPGr/Wfhrlem2CL/UcnUc1zcqKAImBDzukY7Y5F/yQiNdko6+fRLevlw1HgMySw7f611UIY408EtxRSoK3Q==",
      "requires": {
        "js-tokens": "^3.0.0 || ^4.0.0"
      }
    },
    "mui-tel-input": {
      "version": "4.0.1",
      "resolved": "https://registry.npmjs.org/mui-tel-input/-/mui-tel-input-4.0.1.tgz",
      "integrity": "sha512-r+2ypG9TKUTgfiI0oa8ihOKK+IYsem9hfyBZ/kTDEXyW4W2kliLDt9/3fLyxOwCHNPazjsfEiYf2/9iXiGJJQw==",
      "requires": {
        "@types/node": "^20.8.4",
        "libphonenumber-js": "^1.10.47"
      }
    },
    "object-assign": {
      "version": "4.1.1",
      "resolved": "https://registry.npmjs.org/object-assign/-/object-assign-4.1.1.tgz",
      "integrity": "sha512-rJgTQnkUnH1sFw8yT6VSU3zD3sWmu6sZhIseY8VX+GRu3P6F7Fu+JNDoXfklElbLJSnc3FUQHVe4cU5hj+BcUg=="
    },
    "prop-types": {
      "version": "15.8.1",
      "resolved": "https://registry.npmjs.org/prop-types/-/prop-types-15.8.1.tgz",
      "integrity": "sha512-oj87CgZICdulUohogVAR7AjlC0327U4el4L6eAvOqCeudMDVU0NThNaV+b9Df4dXgSP1gXMTnPdhfe/2qDH5cg==",
      "requires": {
        "loose-envify": "^1.4.0",
        "object-assign": "^4.1.1",
        "react-is": "^16.13.1"
      }
    },
    "react-hook-form": {
      "version": "7.47.0",
      "resolved": "https://registry.npmjs.org/react-hook-form/-/react-hook-form-7.47.0.tgz",
      "integrity": "sha512-F/TroLjTICipmHeFlMrLtNLceO2xr1jU3CyiNla5zdwsGUGu2UOxxR4UyJgLlhMwLW/Wzp4cpJ7CPfgJIeKdSg=="
    },
    "react-is": {
      "version": "16.13.1",
      "resolved": "https://registry.npmjs.org/react-is/-/react-is-16.13.1.tgz",
      "integrity": "sha512-24e6ynE2H+OKt4kqsOvNd8kBpV65zoxbA4BVsEOB3ARVWQki/DHzaUoC5KuON/BiccDaCCTZBuOcfZs70kR8bQ=="
    },
    "react-text-mask": {
      "version": "5.5.0",
      "resolved": "https://registry.npmjs.org/react-text-mask/-/react-text-mask-5.5.0.tgz",
      "integrity": "sha512-SLJlJQxa0uonMXsnXRpv5abIepGmHz77ylQcra0GNd7Jtk4Wj2Mtp85uGQHv1avba2uI8ZvRpIEQPpJKsqRGYw==",
      "requires": {
        "prop-types": "^15.5.6"
      }
    },
    "undici-types": {
      "version": "5.25.3",
      "resolved": "https://registry.npmjs.org/undici-types/-/undici-types-5.25.3.tgz",
      "integrity": "sha512-Ga1jfYwRn7+cP9v8auvEXN1rX3sWqlayd4HP7OKk4mZWylEmu3KzXDUGrQUN6Ol7qo1gPvB2e5gX6udnyEPgdA=="
    }
  }
}
